
Microsoft Visual Studio Solution File, Format Version 12.00
# Visual Studio Version 17
VisualStudioVersion = 17.6.33829.357
MinimumVisualStudioVersion = 10.0.40219.1
Project("{2150E333-8FDC-42A3-9474-1A3956D46DE8}") = "source", "source", "{C2AB2BB4-2A76-4DA3-B58D-EB6EE46A4F4E}"
EndProject
Project("{2150E333-8FDC-42A3-9474-1A3956D46DE8}") = "Services", "Services", "{FEB9DEA6-9F91-4C67-A3A4-D93AB462CC7E}"
EndProject
Project("{2150E333-8FDC-42A3-9474-1A3956D46DE8}") = "Identity", "Identity", "{5DF11460-E141-42C3-BA38-A34350EE3CB8}"
EndProject
Project("{9A19103F-16F7-4668-BE54-9A1E7A4F7556}") = "Identity.Web", "IdentityService.Web\Identity.Web.csproj", "{4CEAD02E-3942-4900-95D1-C55A3326426F}"
EndProject
Project("{9A19103F-16F7-4668-BE54-9A1E7A4F7556}") = "Identity.Domain", "IdentityService.Domain\Identity.Domain.csproj", "{D6EF8AF5-094F-4D2D-87C9-5762C70676DE}"
EndProject
Project("{9A19103F-16F7-4668-BE54-9A1E7A4F7556}") = "Identity.Application", "IdentityService.Application\Identity.Application.csproj", "{3C11AF07-E30D-418D-B8B8-0966D8F737F0}"
EndProject
Project("{9A19103F-16F7-4668-BE54-9A1E7A4F7556}") = "Identity.Infrastructure", "IdentityService.Infrastructure\Identity.Infrastructure.csproj", "{0C9BB2EB-D1B2-4A3C-A666-939339771329}"
EndProject
Project("{2150E333-8FDC-42A3-9474-1A3956D46DE8}") = "Catalog", "Catalog", "{67BA435C-0D65-43F1-AFD4-F13AB129F3D7}"
EndProject
Project("{9A19103F-16F7-4668-BE54-9A1E7A4F7556}") = "Catalog.Domain", "Catalog.Domain\Catalog.Domain.csproj", "{B469F339-F061-4C72-9D87-CC42BED41232}"
EndProject
Project("{9A19103F-16F7-4668-BE54-9A1E7A4F7556}") = "Catalog.Infrastructure", "Catalog.Infrastructure\Catalog.Infrastructure.csproj", "{29AD9ACA-D4F3-4FD2-814E-00DE6EF462C9}"
EndProject
Project("{9A19103F-16F7-4668-BE54-9A1E7A4F7556}") = "Catalog.Application", "Catalog.Application\Catalog.Application.csproj", "{75429817-694A-4802-8E7F-F4762880CA46}"
EndProject
Project("{9A19103F-16F7-4668-BE54-9A1E7A4F7556}") = "Catalog.Web", "Catalog.Web\Catalog.Web.csproj", "{A87A241A-C536-4083-8BCD-2A3B7857606B}"
EndProject
Project("{2150E333-8FDC-42A3-9474-1A3956D46DE8}") = "Gateway", "Gateway", "{4D9748B9-11EE-4BD1-BD92-2E58E4B981E1}"
EndProject
Project("{9A19103F-16F7-4668-BE54-9A1E7A4F7556}") = "OnlineStore.Gateway", "OnlineStore.Gateway\OnlineStore.Gateway.csproj", "{C9DD6CAC-F86D-48A1-B062-ED557EFA3BCE}"
EndProject
Project("{2150E333-8FDC-42A3-9474-1A3956D46DE8}") = "Ordering", "Ordering", "{FEB5EC34-4E99-40C6-B081-1DCDA23DA354}"
EndProject
Project("{9A19103F-16F7-4668-BE54-9A1E7A4F7556}") = "Ordering.Web", "Ordering.Web\Ordering.Web.csproj", "{0E2E1E73-64CC-459E-88A7-D4669BF9FABC}"
EndProject
Project("{9A19103F-16F7-4668-BE54-9A1E7A4F7556}") = "Ordering.Domain", "Ordering.Domain\Ordering.Domain.csproj", "{9FA63B81-C535-4EE8-BA37-7A3906D92A7E}"
EndProject
Project("{9A19103F-16F7-4668-BE54-9A1E7A4F7556}") = "Ordering.Infrastructure", "Ordering.Infrastructure\Ordering.Infrastructure.csproj", "{C58DC5B5-9DEB-48A6-A010-E7765D794733}"
EndProject
Project("{9A19103F-16F7-4668-BE54-9A1E7A4F7556}") = "Ordering.Application", "Ordering.Application\Ordering.Application.csproj", "{9A4969FF-0900-4145-AC3E-D61D351C6BFB}"
EndProject
Global
	GlobalSection(SolutionConfigurationPlatforms) = preSolution
		Debug|Any CPU = Debug|Any CPU
		Release|Any CPU = Release|Any CPU
	EndGlobalSection
	GlobalSection(ProjectConfigurationPlatforms) = postSolution
		{4CEAD02E-3942-4900-95D1-C55A3326426F}.Debug|Any CPU.ActiveCfg = Debug|Any CPU
		{4CEAD02E-3942-4900-95D1-C55A3326426F}.Debug|Any CPU.Build.0 = Debug|Any CPU
		{4CEAD02E-3942-4900-95D1-C55A3326426F}.Release|Any CPU.ActiveCfg = Release|Any CPU
		{4CEAD02E-3942-4900-95D1-C55A3326426F}.Release|Any CPU.Build.0 = Release|Any CPU
		{D6EF8AF5-094F-4D2D-87C9-5762C70676DE}.Debug|Any CPU.ActiveCfg = Debug|Any CPU
		{D6EF8AF5-094F-4D2D-87C9-5762C70676DE}.Debug|Any CPU.Build.0 = Debug|Any CPU
		{D6EF8AF5-094F-4D2D-87C9-5762C70676DE}.Release|Any CPU.ActiveCfg = Release|Any CPU
		{D6EF8AF5-094F-4D2D-87C9-5762C70676DE}.Release|Any CPU.Build.0 = Release|Any CPU
		{3C11AF07-E30D-418D-B8B8-0966D8F737F0}.Debug|Any CPU.ActiveCfg = Debug|Any CPU
		{3C11AF07-E30D-418D-B8B8-0966D8F737F0}.Debug|Any CPU.Build.0 = Debug|Any CPU
		{3C11AF07-E30D-418D-B8B8-0966D8F737F0}.Release|Any CPU.ActiveCfg = Release|Any CPU
		{3C11AF07-E30D-418D-B8B8-0966D8F737F0}.Release|Any CPU.Build.0 = Release|Any CPU
		{0C9BB2EB-D1B2-4A3C-A666-939339771329}.Debug|Any CPU.ActiveCfg = Debug|Any CPU
		{0C9BB2EB-D1B2-4A3C-A666-939339771329}.Debug|Any CPU.Build.0 = Debug|Any CPU
		{0C9BB2EB-D1B2-4A3C-A666-939339771329}.Release|Any CPU.ActiveCfg = Release|Any CPU
		{0C9BB2EB-D1B2-4A3C-A666-939339771329}.Release|Any CPU.Build.0 = Release|Any CPU
		{B469F339-F061-4C72-9D87-CC42BED41232}.Debug|Any CPU.ActiveCfg = Debug|Any CPU
		{B469F339-F061-4C72-9D87-CC42BED41232}.Debug|Any CPU.Build.0 = Debug|Any CPU
		{B469F339-F061-4C72-9D87-CC42BED41232}.Release|Any CPU.ActiveCfg = Release|Any CPU
		{B469F339-F061-4C72-9D87-CC42BED41232}.Release|Any CPU.Build.0 = Release|Any CPU
		{29AD9ACA-D4F3-4FD2-814E-00DE6EF462C9}.Debug|Any CPU.ActiveCfg = Debug|Any CPU
		{29AD9ACA-D4F3-4FD2-814E-00DE6EF462C9}.Debug|Any CPU.Build.0 = Debug|Any CPU
		{29AD9ACA-D4F3-4FD2-814E-00DE6EF462C9}.Release|Any CPU.ActiveCfg = Release|Any CPU
		{29AD9ACA-D4F3-4FD2-814E-00DE6EF462C9}.Release|Any CPU.Build.0 = Release|Any CPU
		{75429817-694A-4802-8E7F-F4762880CA46}.Debug|Any CPU.ActiveCfg = Debug|Any CPU
		{75429817-694A-4802-8E7F-F4762880CA46}.Debug|Any CPU.Build.0 = Debug|Any CPU
		{75429817-694A-4802-8E7F-F4762880CA46}.Release|Any CPU.ActiveCfg = Release|Any CPU
		{75429817-694A-4802-8E7F-F4762880CA46}.Release|Any CPU.Build.0 = Release|Any CPU
		{A87A241A-C536-4083-8BCD-2A3B7857606B}.Debug|Any CPU.ActiveCfg = Debug|Any CPU
		{A87A241A-C536-4083-8BCD-2A3B7857606B}.Debug|Any CPU.Build.0 = Debug|Any CPU
		{A87A241A-C536-4083-8BCD-2A3B7857606B}.Release|Any CPU.ActiveCfg = Release|Any CPU
		{A87A241A-C536-4083-8BCD-2A3B7857606B}.Release|Any CPU.Build.0 = Release|Any CPU
		{C9DD6CAC-F86D-48A1-B062-ED557EFA3BCE}.Debug|Any CPU.ActiveCfg = Debug|Any CPU
		{C9DD6CAC-F86D-48A1-B062-ED557EFA3BCE}.Debug|Any CPU.Build.0 = Debug|Any CPU
		{C9DD6CAC-F86D-48A1-B062-ED557EFA3BCE}.Release|Any CPU.ActiveCfg = Release|Any CPU
		{C9DD6CAC-F86D-48A1-B062-ED557EFA3BCE}.Release|Any CPU.Build.0 = Release|Any CPU
		{0E2E1E73-64CC-459E-88A7-D4669BF9FABC}.Debug|Any CPU.ActiveCfg = Debug|Any CPU
		{0E2E1E73-64CC-459E-88A7-D4669BF9FABC}.Debug|Any CPU.Build.0 = Debug|Any CPU
		{0E2E1E73-64CC-459E-88A7-D4669BF9FABC}.Release|Any CPU.ActiveCfg = Release|Any CPU
		{0E2E1E73-64CC-459E-88A7-D4669BF9FABC}.Release|Any CPU.Build.0 = Release|Any CPU
		{9FA63B81-C535-4EE8-BA37-7A3906D92A7E}.Debug|Any CPU.ActiveCfg = Debug|Any CPU
		{9FA63B81-C535-4EE8-BA37-7A3906D92A7E}.Debug|Any CPU.Build.0 = Debug|Any CPU
		{9FA63B81-C535-4EE8-BA37-7A3906D92A7E}.Release|Any CPU.ActiveCfg = Release|Any CPU
		{9FA63B81-C535-4EE8-BA37-7A3906D92A7E}.Release|Any CPU.Build.0 = Release|Any CPU
		{C58DC5B5-9DEB-48A6-A010-E7765D794733}.Debug|Any CPU.ActiveCfg = Debug|Any CPU
		{C58DC5B5-9DEB-48A6-A010-E7765D794733}.Debug|Any CPU.Build.0 = Debug|Any CPU
		{C58DC5B5-9DEB-48A6-A010-E7765D794733}.Release|Any CPU.ActiveCfg = Release|Any CPU
		{C58DC5B5-9DEB-48A6-A010-E7765D794733}.Release|Any CPU.Build.0 = Release|Any CPU
		{9A4969FF-0900-4145-AC3E-D61D351C6BFB}.Debug|Any CPU.ActiveCfg = Debug|Any CPU
		{9A4969FF-0900-4145-AC3E-D61D351C6BFB}.Debug|Any CPU.Build.0 = Debug|Any CPU
		{9A4969FF-0900-4145-AC3E-D61D351C6BFB}.Release|Any CPU.ActiveCfg = Release|Any CPU
		{9A4969FF-0900-4145-AC3E-D61D351C6BFB}.Release|Any CPU.Build.0 = Release|Any CPU
	EndGlobalSection
	GlobalSection(SolutionProperties) = preSolution
		HideSolutionNode = FALSE
	EndGlobalSection
	GlobalSection(NestedProjects) = preSolution
		{FEB9DEA6-9F91-4C67-A3A4-D93AB462CC7E} = {C2AB2BB4-2A76-4DA3-B58D-EB6EE46A4F4E}
		{5DF11460-E141-42C3-BA38-A34350EE3CB8} = {FEB9DEA6-9F91-4C67-A3A4-D93AB462CC7E}
		{4CEAD02E-3942-4900-95D1-C55A3326426F} = {5DF11460-E141-42C3-BA38-A34350EE3CB8}
		{D6EF8AF5-094F-4D2D-87C9-5762C70676DE} = {5DF11460-E141-42C3-BA38-A34350EE3CB8}
		{3C11AF07-E30D-418D-B8B8-0966D8F737F0} = {5DF11460-E141-42C3-BA38-A34350EE3CB8}
		{0C9BB2EB-D1B2-4A3C-A666-939339771329} = {5DF11460-E141-42C3-BA38-A34350EE3CB8}
		{67BA435C-0D65-43F1-AFD4-F13AB129F3D7} = {FEB9DEA6-9F91-4C67-A3A4-D93AB462CC7E}
		{B469F339-F061-4C72-9D87-CC42BED41232} = {67BA435C-0D65-43F1-AFD4-F13AB129F3D7}
		{29AD9ACA-D4F3-4FD2-814E-00DE6EF462C9} = {67BA435C-0D65-43F1-AFD4-F13AB129F3D7}
		{75429817-694A-4802-8E7F-F4762880CA46} = {67BA435C-0D65-43F1-AFD4-F13AB129F3D7}
		{A87A241A-C536-4083-8BCD-2A3B7857606B} = {67BA435C-0D65-43F1-AFD4-F13AB129F3D7}
		{4D9748B9-11EE-4BD1-BD92-2E58E4B981E1} = {C2AB2BB4-2A76-4DA3-B58D-EB6EE46A4F4E}
		{C9DD6CAC-F86D-48A1-B062-ED557EFA3BCE} = {4D9748B9-11EE-4BD1-BD92-2E58E4B981E1}
		{FEB5EC34-4E99-40C6-B081-1DCDA23DA354} = {FEB9DEA6-9F91-4C67-A3A4-D93AB462CC7E}
		{0E2E1E73-64CC-459E-88A7-D4669BF9FABC} = {FEB5EC34-4E99-40C6-B081-1DCDA23DA354}
		{9FA63B81-C535-4EE8-BA37-7A3906D92A7E} = {FEB5EC34-4E99-40C6-B081-1DCDA23DA354}
		{C58DC5B5-9DEB-48A6-A010-E7765D794733} = {FEB5EC34-4E99-40C6-B081-1DCDA23DA354}
		{9A4969FF-0900-4145-AC3E-D61D351C6BFB} = {FEB5EC34-4E99-40C6-B081-1DCDA23DA354}
	EndGlobalSection
	GlobalSection(ExtensibilityGlobals) = postSolution
		SolutionGuid = {DDD2BADA-918A-466C-A4AA-0CCAAC728376}
	EndGlobalSection
EndGlobal
