
Microsoft Visual Studio Solution File, Format Version 12.00
# Visual Studio Version 17
VisualStudioVersion = 17.6.33829.357
MinimumVisualStudioVersion = 10.0.40219.1
Project("{2150E333-8FDC-42A3-9474-1A3956D46DE8}") = "source", "source", "{C7BB7A0D-D649-46BC-B2B0-91FB2E769A88}"
EndProject
Project("{2150E333-8FDC-42A3-9474-1A3956D46DE8}") = "Services", "Services", "{B02F400F-3875-4DAB-BE5C-189917FC823C}"
EndProject
Project("{2150E333-8FDC-42A3-9474-1A3956D46DE8}") = "Catalog", "Catalog", "{31F2BAB4-4B34-47C5-A215-02958FD9622D}"
EndProject
Project("{9A19103F-16F7-4668-BE54-9A1E7A4F7556}") = "Catalog.Web", "Catalog.Web\Catalog.Web.csproj", "{B1AB1301-9FBF-486C-B7AD-EC4FF566569D}"
EndProject
Project("{9A19103F-16F7-4668-BE54-9A1E7A4F7556}") = "Catalog.Application", "Catalog.Application\Catalog.Application.csproj", "{507B244C-92DE-43AB-8160-83C8607F81AD}"
EndProject
Project("{9A19103F-16F7-4668-BE54-9A1E7A4F7556}") = "Catalog.Domain", "Catalog.Domain\Catalog.Domain.csproj", "{44314881-3509-47D6-B4A4-FEDB734ACCFF}"
EndProject
Project("{9A19103F-16F7-4668-BE54-9A1E7A4F7556}") = "Catalog.Infrastructure", "Catalog.Infrastructure\Catalog.Infrastructure.csproj", "{B73E8A9B-B7F9-4B2D-B92B-CC30C40F33BB}"
EndProject
Project("{2150E333-8FDC-42A3-9474-1A3956D46DE8}") = "Gateway", "Gateway", "{A7319749-C3EB-4773-8B3A-56BBFDFB8432}"
EndProject
Project("{9A19103F-16F7-4668-BE54-9A1E7A4F7556}") = "OnlineStore.Gateway", "OnlineStore.Gateway\OnlineStore.Gateway.csproj", "{3AF7A84F-8F3A-4B8E-9BA1-E5F058A4BB9E}"
EndProject
Global
	GlobalSection(SolutionConfigurationPlatforms) = preSolution
		Debug|Any CPU = Debug|Any CPU
		Release|Any CPU = Release|Any CPU
	EndGlobalSection
	GlobalSection(ProjectConfigurationPlatforms) = postSolution
		{B1AB1301-9FBF-486C-B7AD-EC4FF566569D}.Debug|Any CPU.ActiveCfg = Debug|Any CPU
		{B1AB1301-9FBF-486C-B7AD-EC4FF566569D}.Debug|Any CPU.Build.0 = Debug|Any CPU
		{B1AB1301-9FBF-486C-B7AD-EC4FF566569D}.Release|Any CPU.ActiveCfg = Release|Any CPU
		{B1AB1301-9FBF-486C-B7AD-EC4FF566569D}.Release|Any CPU.Build.0 = Release|Any CPU
		{507B244C-92DE-43AB-8160-83C8607F81AD}.Debug|Any CPU.ActiveCfg = Debug|Any CPU
		{507B244C-92DE-43AB-8160-83C8607F81AD}.Debug|Any CPU.Build.0 = Debug|Any CPU
		{507B244C-92DE-43AB-8160-83C8607F81AD}.Release|Any CPU.ActiveCfg = Release|Any CPU
		{507B244C-92DE-43AB-8160-83C8607F81AD}.Release|Any CPU.Build.0 = Release|Any CPU
		{44314881-3509-47D6-B4A4-FEDB734ACCFF}.Debug|Any CPU.ActiveCfg = Debug|Any CPU
		{44314881-3509-47D6-B4A4-FEDB734ACCFF}.Debug|Any CPU.Build.0 = Debug|Any CPU
		{44314881-3509-47D6-B4A4-FEDB734ACCFF}.Release|Any CPU.ActiveCfg = Release|Any CPU
		{44314881-3509-47D6-B4A4-FEDB734ACCFF}.Release|Any CPU.Build.0 = Release|Any CPU
		{B73E8A9B-B7F9-4B2D-B92B-CC30C40F33BB}.Debug|Any CPU.ActiveCfg = Debug|Any CPU
		{B73E8A9B-B7F9-4B2D-B92B-CC30C40F33BB}.Debug|Any CPU.Build.0 = Debug|Any CPU
		{B73E8A9B-B7F9-4B2D-B92B-CC30C40F33BB}.Release|Any CPU.ActiveCfg = Release|Any CPU
		{B73E8A9B-B7F9-4B2D-B92B-CC30C40F33BB}.Release|Any CPU.Build.0 = Release|Any CPU
		{3AF7A84F-8F3A-4B8E-9BA1-E5F058A4BB9E}.Debug|Any CPU.ActiveCfg = Debug|Any CPU
		{3AF7A84F-8F3A-4B8E-9BA1-E5F058A4BB9E}.Debug|Any CPU.Build.0 = Debug|Any CPU
		{3AF7A84F-8F3A-4B8E-9BA1-E5F058A4BB9E}.Release|Any CPU.ActiveCfg = Release|Any CPU
		{3AF7A84F-8F3A-4B8E-9BA1-E5F058A4BB9E}.Release|Any CPU.Build.0 = Release|Any CPU
	EndGlobalSection
	GlobalSection(SolutionProperties) = preSolution
		HideSolutionNode = FALSE
	EndGlobalSection
	GlobalSection(NestedProjects) = preSolution
		{B02F400F-3875-4DAB-BE5C-189917FC823C} = {C7BB7A0D-D649-46BC-B2B0-91FB2E769A88}
		{31F2BAB4-4B34-47C5-A215-02958FD9622D} = {B02F400F-3875-4DAB-BE5C-189917FC823C}
		{B1AB1301-9FBF-486C-B7AD-EC4FF566569D} = {31F2BAB4-4B34-47C5-A215-02958FD9622D}
		{507B244C-92DE-43AB-8160-83C8607F81AD} = {31F2BAB4-4B34-47C5-A215-02958FD9622D}
		{44314881-3509-47D6-B4A4-FEDB734ACCFF} = {31F2BAB4-4B34-47C5-A215-02958FD9622D}
		{B73E8A9B-B7F9-4B2D-B92B-CC30C40F33BB} = {31F2BAB4-4B34-47C5-A215-02958FD9622D}
		{A7319749-C3EB-4773-8B3A-56BBFDFB8432} = {C7BB7A0D-D649-46BC-B2B0-91FB2E769A88}
		{3AF7A84F-8F3A-4B8E-9BA1-E5F058A4BB9E} = {A7319749-C3EB-4773-8B3A-56BBFDFB8432}
	EndGlobalSection
	GlobalSection(ExtensibilityGlobals) = postSolution
		SolutionGuid = {DDD2BADA-918A-466C-A4AA-0CCAAC728376}
	EndGlobalSection
EndGlobal
