
Microsoft Visual Studio Solution File, Format Version 12.00
# Visual Studio Version 17
VisualStudioVersion = 17.6.33829.357
MinimumVisualStudioVersion = 10.0.40219.1
Project("{2150E333-8FDC-42A3-9474-1A3956D46DE8}") = "source", "source", "{C2AB2BB4-2A76-4DA3-B58D-EB6EE46A4F4E}"
EndProject
Project("{2150E333-8FDC-42A3-9474-1A3956D46DE8}") = "Services", "Services", "{FEB9DEA6-9F91-4C67-A3A4-D93AB462CC7E}"
EndProject
Project("{2150E333-8FDC-42A3-9474-1A3956D46DE8}") = "Identity", "Identity", "{5DF11460-E141-42C3-BA38-A34350EE3CB8}"
EndProject
Project("{2150E333-8FDC-42A3-9474-1A3956D46DE8}") = "Catalog", "Catalog", "{67BA435C-0D65-43F1-AFD4-F13AB129F3D7}"
EndProject
Project("{9A19103F-16F7-4668-BE54-9A1E7A4F7556}") = "Catalog.Domain", "Catalog.Domain\Catalog.Domain.csproj", "{B469F339-F061-4C72-9D87-CC42BED41232}"
EndProject
Project("{9A19103F-16F7-4668-BE54-9A1E7A4F7556}") = "Catalog.Infrastructure", "Catalog.Infrastructure\Catalog.Infrastructure.csproj", "{29AD9ACA-D4F3-4FD2-814E-00DE6EF462C9}"
EndProject
Project("{9A19103F-16F7-4668-BE54-9A1E7A4F7556}") = "Catalog.Application", "Catalog.Application\Catalog.Application.csproj", "{75429817-694A-4802-8E7F-F4762880CA46}"
EndProject
Project("{9A19103F-16F7-4668-BE54-9A1E7A4F7556}") = "Catalog.Web", "Catalog.Web\Catalog.Web.csproj", "{A87A241A-C536-4083-8BCD-2A3B7857606B}"
EndProject
Project("{2150E333-8FDC-42A3-9474-1A3956D46DE8}") = "Gateway", "Gateway", "{4D9748B9-11EE-4BD1-BD92-2E58E4B981E1}"
EndProject
Project("{9A19103F-16F7-4668-BE54-9A1E7A4F7556}") = "OnlineStore.Gateway", "OnlineStore.Gateway\OnlineStore.Gateway.csproj", "{C9DD6CAC-F86D-48A1-B062-ED557EFA3BCE}"
EndProject
Project("{9A19103F-16F7-4668-BE54-9A1E7A4F7556}") = "Identity.Application", "Identity.Application\Identity.Application.csproj", "{10DFED2A-D0D3-4228-AD8B-2555384D748F}"
EndProject
Project("{9A19103F-16F7-4668-BE54-9A1E7A4F7556}") = "Identity.Domain", "Identity.Domain\Identity.Domain.csproj", "{1F6B788B-207D-4E37-8187-EDCEB9C1E52B}"
EndProject
Project("{9A19103F-16F7-4668-BE54-9A1E7A4F7556}") = "Identity.Infrastructure", "Identity.Infrastructure\Identity.Infrastructure.csproj", "{272EC1EE-DD77-4401-9E6C-0ECD0C70CBC7}"
EndProject
Project("{9A19103F-16F7-4668-BE54-9A1E7A4F7556}") = "Identity.Web", "Identity.Web\Identity.Web.csproj", "{B7E918C3-23B9-4DFC-84D8-9CFBC923D7E5}"
EndProject
Global
	GlobalSection(SolutionConfigurationPlatforms) = preSolution
		Debug|Any CPU = Debug|Any CPU
		Release|Any CPU = Release|Any CPU
	EndGlobalSection
	GlobalSection(ProjectConfigurationPlatforms) = postSolution
		{B469F339-F061-4C72-9D87-CC42BED41232}.Debug|Any CPU.ActiveCfg = Debug|Any CPU
		{B469F339-F061-4C72-9D87-CC42BED41232}.Debug|Any CPU.Build.0 = Debug|Any CPU
		{B469F339-F061-4C72-9D87-CC42BED41232}.Release|Any CPU.ActiveCfg = Release|Any CPU
		{B469F339-F061-4C72-9D87-CC42BED41232}.Release|Any CPU.Build.0 = Release|Any CPU
		{29AD9ACA-D4F3-4FD2-814E-00DE6EF462C9}.Debug|Any CPU.ActiveCfg = Debug|Any CPU
		{29AD9ACA-D4F3-4FD2-814E-00DE6EF462C9}.Debug|Any CPU.Build.0 = Debug|Any CPU
		{29AD9ACA-D4F3-4FD2-814E-00DE6EF462C9}.Release|Any CPU.ActiveCfg = Release|Any CPU
		{29AD9ACA-D4F3-4FD2-814E-00DE6EF462C9}.Release|Any CPU.Build.0 = Release|Any CPU
		{75429817-694A-4802-8E7F-F4762880CA46}.Debug|Any CPU.ActiveCfg = Debug|Any CPU
		{75429817-694A-4802-8E7F-F4762880CA46}.Debug|Any CPU.Build.0 = Debug|Any CPU
		{75429817-694A-4802-8E7F-F4762880CA46}.Release|Any CPU.ActiveCfg = Release|Any CPU
		{75429817-694A-4802-8E7F-F4762880CA46}.Release|Any CPU.Build.0 = Release|Any CPU
		{A87A241A-C536-4083-8BCD-2A3B7857606B}.Debug|Any CPU.ActiveCfg = Debug|Any CPU
		{A87A241A-C536-4083-8BCD-2A3B7857606B}.Debug|Any CPU.Build.0 = Debug|Any CPU
		{A87A241A-C536-4083-8BCD-2A3B7857606B}.Release|Any CPU.ActiveCfg = Release|Any CPU
		{A87A241A-C536-4083-8BCD-2A3B7857606B}.Release|Any CPU.Build.0 = Release|Any CPU
		{C9DD6CAC-F86D-48A1-B062-ED557EFA3BCE}.Debug|Any CPU.ActiveCfg = Debug|Any CPU
		{C9DD6CAC-F86D-48A1-B062-ED557EFA3BCE}.Debug|Any CPU.Build.0 = Debug|Any CPU
		{C9DD6CAC-F86D-48A1-B062-ED557EFA3BCE}.Release|Any CPU.ActiveCfg = Release|Any CPU
		{C9DD6CAC-F86D-48A1-B062-ED557EFA3BCE}.Release|Any CPU.Build.0 = Release|Any CPU
		{10DFED2A-D0D3-4228-AD8B-2555384D748F}.Debug|Any CPU.ActiveCfg = Debug|Any CPU
		{10DFED2A-D0D3-4228-AD8B-2555384D748F}.Debug|Any CPU.Build.0 = Debug|Any CPU
		{10DFED2A-D0D3-4228-AD8B-2555384D748F}.Release|Any CPU.ActiveCfg = Release|Any CPU
		{10DFED2A-D0D3-4228-AD8B-2555384D748F}.Release|Any CPU.Build.0 = Release|Any CPU
		{1F6B788B-207D-4E37-8187-EDCEB9C1E52B}.Debug|Any CPU.ActiveCfg = Debug|Any CPU
		{1F6B788B-207D-4E37-8187-EDCEB9C1E52B}.Debug|Any CPU.Build.0 = Debug|Any CPU
		{1F6B788B-207D-4E37-8187-EDCEB9C1E52B}.Release|Any CPU.ActiveCfg = Release|Any CPU
		{1F6B788B-207D-4E37-8187-EDCEB9C1E52B}.Release|Any CPU.Build.0 = Release|Any CPU
		{272EC1EE-DD77-4401-9E6C-0ECD0C70CBC7}.Debug|Any CPU.ActiveCfg = Debug|Any CPU
		{272EC1EE-DD77-4401-9E6C-0ECD0C70CBC7}.Debug|Any CPU.Build.0 = Debug|Any CPU
		{272EC1EE-DD77-4401-9E6C-0ECD0C70CBC7}.Release|Any CPU.ActiveCfg = Release|Any CPU
		{272EC1EE-DD77-4401-9E6C-0ECD0C70CBC7}.Release|Any CPU.Build.0 = Release|Any CPU
		{B7E918C3-23B9-4DFC-84D8-9CFBC923D7E5}.Debug|Any CPU.ActiveCfg = Debug|Any CPU
		{B7E918C3-23B9-4DFC-84D8-9CFBC923D7E5}.Debug|Any CPU.Build.0 = Debug|Any CPU
		{B7E918C3-23B9-4DFC-84D8-9CFBC923D7E5}.Release|Any CPU.ActiveCfg = Release|Any CPU
		{B7E918C3-23B9-4DFC-84D8-9CFBC923D7E5}.Release|Any CPU.Build.0 = Release|Any CPU
	EndGlobalSection
	GlobalSection(SolutionProperties) = preSolution
		HideSolutionNode = FALSE
	EndGlobalSection
	GlobalSection(NestedProjects) = preSolution
		{FEB9DEA6-9F91-4C67-A3A4-D93AB462CC7E} = {C2AB2BB4-2A76-4DA3-B58D-EB6EE46A4F4E}
		{5DF11460-E141-42C3-BA38-A34350EE3CB8} = {FEB9DEA6-9F91-4C67-A3A4-D93AB462CC7E}
		{67BA435C-0D65-43F1-AFD4-F13AB129F3D7} = {FEB9DEA6-9F91-4C67-A3A4-D93AB462CC7E}
		{B469F339-F061-4C72-9D87-CC42BED41232} = {67BA435C-0D65-43F1-AFD4-F13AB129F3D7}
		{29AD9ACA-D4F3-4FD2-814E-00DE6EF462C9} = {67BA435C-0D65-43F1-AFD4-F13AB129F3D7}
		{75429817-694A-4802-8E7F-F4762880CA46} = {67BA435C-0D65-43F1-AFD4-F13AB129F3D7}
		{A87A241A-C536-4083-8BCD-2A3B7857606B} = {67BA435C-0D65-43F1-AFD4-F13AB129F3D7}
		{4D9748B9-11EE-4BD1-BD92-2E58E4B981E1} = {C2AB2BB4-2A76-4DA3-B58D-EB6EE46A4F4E}
		{C9DD6CAC-F86D-48A1-B062-ED557EFA3BCE} = {4D9748B9-11EE-4BD1-BD92-2E58E4B981E1}
		{10DFED2A-D0D3-4228-AD8B-2555384D748F} = {5DF11460-E141-42C3-BA38-A34350EE3CB8}
		{1F6B788B-207D-4E37-8187-EDCEB9C1E52B} = {5DF11460-E141-42C3-BA38-A34350EE3CB8}
		{272EC1EE-DD77-4401-9E6C-0ECD0C70CBC7} = {5DF11460-E141-42C3-BA38-A34350EE3CB8}
		{B7E918C3-23B9-4DFC-84D8-9CFBC923D7E5} = {5DF11460-E141-42C3-BA38-A34350EE3CB8}
	EndGlobalSection
	GlobalSection(ExtensibilityGlobals) = postSolution
		SolutionGuid = {DDD2BADA-918A-466C-A4AA-0CCAAC728376}
	EndGlobalSection
EndGlobal
